// !$*UTF8*$!
{
	archiveVersion = 1;
	classes = {
	};
	objectVersion = 46;
	objects = {

/* Begin PBXBuildFile section */
		B6093D121C7343F400379C89 /* AppDelegate.swift in Sources */ = {isa = PBXBuildFile; fileRef = B6093D111C7343F400379C89 /* AppDelegate.swift */; };
		B6093D141C7343F400379C89 /* ViewController.swift in Sources */ = {isa = PBXBuildFile; fileRef = B6093D131C7343F400379C89 /* ViewController.swift */; };
		B6093D171C7343F400379C89 /* Main.storyboard in Resources */ = {isa = PBXBuildFile; fileRef = B6093D151C7343F400379C89 /* Main.storyboard */; };
		B6093D1A1C7343F400379C89 /* NightlifeApp.xcdatamodeld in Sources */ = {isa = PBXBuildFile; fileRef = B6093D181C7343F400379C89 /* NightlifeApp.xcdatamodeld */; };
		B6093D1C1C7343F400379C89 /* Assets.xcassets in Resources */ = {isa = PBXBuildFile; fileRef = B6093D1B1C7343F400379C89 /* Assets.xcassets */; };
		B6093D1F1C7343F400379C89 /* LaunchScreen.storyboard in Resources */ = {isa = PBXBuildFile; fileRef = B6093D1D1C7343F400379C89 /* LaunchScreen.storyboard */; };
		B6093D2A1C7343F400379C89 /* NightlifeAppTests.swift in Sources */ = {isa = PBXBuildFile; fileRef = B6093D291C7343F400379C89 /* NightlifeAppTests.swift */; };
		B6093D351C7343F400379C89 /* NightlifeAppUITests.swift in Sources */ = {isa = PBXBuildFile; fileRef = B6093D341C7343F400379C89 /* NightlifeAppUITests.swift */; };
/* End PBXBuildFile section */

/* Begin PBXContainerItemProxy section */
		B6093D261C7343F400379C89 /* PBXContainerItemProxy */ = {
			isa = PBXContainerItemProxy;
			containerPortal = B6093D061C7343F400379C89 /* Project object */;
			proxyType = 1;
			remoteGlobalIDString = B6093D0D1C7343F400379C89;
			remoteInfo = NightlifeApp;
		};
		B6093D311C7343F400379C89 /* PBXContainerItemProxy */ = {
			isa = PBXContainerItemProxy;
			containerPortal = B6093D061C7343F400379C89 /* Project object */;
			proxyType = 1;
			remoteGlobalIDString = B6093D0D1C7343F400379C89;
			remoteInfo = NightlifeApp;
		};
/* End PBXContainerItemProxy section */

/* Begin PBXFileReference section */
		B6093D0E1C7343F400379C89 /* NightlifeApp.app */ = {isa = PBXFileReference; explicitFileType = wrapper.application; includeInIndex = 0; path = NightlifeApp.app; sourceTree = BUILT_PRODUCTS_DIR; };
		B6093D111C7343F400379C89 /* AppDelegate.swift */ = {isa = PBXFileReference; lastKnownFileType = sourcecode.swift; path = AppDelegate.swift; sourceTree = "<group>"; };
		B6093D131C7343F400379C89 /* ViewController.swift */ = {isa = PBXFileReference; lastKnownFileType = sourcecode.swift; path = ViewController.swift; sourceTree = "<group>"; };
		B6093D161C7343F400379C89 /* Base */ = {isa = PBXFileReference; lastKnownFileType = file.storyboard; name = Base; path = Base.lproj/Main.storyboard; sourceTree = "<group>"; };
		B6093D191C7343F400379C89 /* NightlifeApp.xcdatamodel */ = {isa = PBXFileReference; lastKnownFileType = wrapper.xcdatamodel; path = NightlifeApp.xcdatamodel; sourceTree = "<group>"; };
		B6093D1B1C7343F400379C89 /* Assets.xcassets */ = {isa = PBXFileReference; lastKnownFileType = folder.assetcatalog; path = Assets.xcassets; sourceTree = "<group>"; };
		B6093D1E1C7343F400379C89 /* Base */ = {isa = PBXFileReference; lastKnownFileType = file.storyboard; name = Base; path = Base.lproj/LaunchScreen.storyboard; sourceTree = "<group>"; };
		B6093D201C7343F400379C89 /* Info.plist */ = {isa = PBXFileReference; lastKnownFileType = text.plist.xml; path = Info.plist; sourceTree = "<group>"; };
		B6093D251C7343F400379C89 /* NightlifeAppTests.xctest */ = {isa = PBXFileReference; explicitFileType = wrapper.cfbundle; includeInIndex = 0; path = NightlifeAppTests.xctest; sourceTree = BUILT_PRODUCTS_DIR; };
		B6093D291C7343F400379C89 /* NightlifeAppTests.swift */ = {isa = PBXFileReference; lastKnownFileType = sourcecode.swift; path = NightlifeAppTests.swift; sourceTree = "<group>"; };
		B6093D2B1C7343F400379C89 /* Info.plist */ = {isa = PBXFileReference; lastKnownFileType = text.plist.xml; path = Info.plist; sourceTree = "<group>"; };
		B6093D301C7343F400379C89 /* NightlifeAppUITests.xctest */ = {isa = PBXFileReference; explicitFileType = wrapper.cfbundle; includeInIndex = 0; path = NightlifeAppUITests.xctest; sourceTree = BUILT_PRODUCTS_DIR; };
		B6093D341C7343F400379C89 /* NightlifeAppUITests.swift */ = {isa = PBXFileReference; lastKnownFileType = sourcecode.swift; path = NightlifeAppUITests.swift; sourceTree = "<group>"; };
		B6093D361C7343F400379C89 /* Info.plist */ = {isa = PBXFileReference; lastKnownFileType = text.plist.xml; path = Info.plist; sourceTree = "<group>"; };
/* End PBXFileReference section */

/* Begin PBXFrameworksBuildPhase section */
		B6093D0B1C7343F400379C89 /* Frameworks */ = {
			isa = PBXFrameworksBuildPhase;
			buildActionMask = 2147483647;
			files = (
			);
			runOnlyForDeploymentPostprocessing = 0;
		};
		B6093D221C7343F400379C89 /* Frameworks */ = {
			isa = PBXFrameworksBuildPhase;
			buildActionMask = 2147483647;
			files = (
			);
			runOnlyForDeploymentPostprocessing = 0;
		};
		B6093D2D1C7343F400379C89 /* Frameworks */ = {
			isa = PBXFrameworksBuildPhase;
			buildActionMask = 2147483647;
			files = (
			);
			runOnlyForDeploymentPostprocessing = 0;
		};
/* End PBXFrameworksBuildPhase section */

/* Begin PBXGroup section */
		B6093D051C7343F400379C89 = {
			isa = PBXGroup;
			children = (
				B6093D101C7343F400379C89 /* NightlifeApp */,
				B6093D281C7343F400379C89 /* NightlifeAppTests */,
				B6093D331C7343F400379C89 /* NightlifeAppUITests */,
				B6093D0F1C7343F400379C89 /* Products */,
			);
			sourceTree = "<group>";
		};
		B6093D0F1C7343F400379C89 /* Products */ = {
			isa = PBXGroup;
			children = (
				B6093D0E1C7343F400379C89 /* NightlifeApp.app */,
				B6093D251C7343F400379C89 /* NightlifeAppTests.xctest */,
				B6093D301C7343F400379C89 /* NightlifeAppUITests.xctest */,
			);
			name = Products;
			sourceTree = "<group>";
		};
		B6093D101C7343F400379C89 /* NightlifeApp */ = {
			isa = PBXGroup;
			children = (
				B6093D111C7343F400379C89 /* AppDelegate.swift */,
				B6093D131C7343F400379C89 /* ViewController.swift */,
				B6093D151C7343F400379C89 /* Main.storyboard */,
				B6093D1B1C7343F400379C89 /* Assets.xcassets */,
				B6093D1D1C7343F400379C89 /* LaunchScreen.storyboard */,
				B6093D201C7343F400379C89 /* Info.plist */,
				B6093D181C7343F400379C89 /* NightlifeApp.xcdatamodeld */,
			);
			path = NightlifeApp;
			sourceTree = "<group>";
		};
		B6093D281C7343F400379C89 /* NightlifeAppTests */ = {
			isa = PBXGroup;
			children = (
				B6093D291C7343F400379C89 /* NightlifeAppTests.swift */,
				B6093D2B1C7343F400379C89 /* Info.plist */,
			);
			path = NightlifeAppTests;
			sourceTree = "<group>";
		};
		B6093D331C7343F400379C89 /* NightlifeAppUITests */ = {
			isa = PBXGroup;
			children = (
				B6093D341C7343F400379C89 /* NightlifeAppUITests.swift */,
				B6093D361C7343F400379C89 /* Info.plist */,
			);
			path = NightlifeAppUITests;
			sourceTree = "<group>";
		};
/* End PBXGroup section */

/* Begin PBXNativeTarget section */
		B6093D0D1C7343F400379C89 /* NightlifeApp */ = {
			isa = PBXNativeTarget;
			buildConfigurationList = B6093D391C7343F400379C89 /* Build configuration list for PBXNativeTarget "NightlifeApp" */;
			buildPhases = (
				B6093D0A1C7343F400379C89 /* Sources */,
				B6093D0B1C7343F400379C89 /* Frameworks */,
				B6093D0C1C7343F400379C89 /* Resources */,
			);
			buildRules = (
			);
			dependencies = (
			);
			name = NightlifeApp;
			productName = NightlifeApp;
			productReference = B6093D0E1C7343F400379C89 /* NightlifeApp.app */;
			productType = "com.apple.product-type.application";
		};
		B6093D241C7343F400379C89 /* NightlifeAppTests */ = {
			isa = PBXNativeTarget;
			buildConfigurationList = B6093D3C1C7343F400379C89 /* Build configuration list for PBXNativeTarget "NightlifeAppTests" */;
			buildPhases = (
				B6093D211C7343F400379C89 /* Sources */,
				B6093D221C7343F400379C89 /* Frameworks */,
				B6093D231C7343F400379C89 /* Resources */,
			);
			buildRules = (
			);
			dependencies = (
				B6093D271C7343F400379C89 /* PBXTargetDependency */,
			);
			name = NightlifeAppTests;
			productName = NightlifeAppTests;
			productReference = B6093D251C7343F400379C89 /* NightlifeAppTests.xctest */;
			productType = "com.apple.product-type.bundle.unit-test";
		};
		B6093D2F1C7343F400379C89 /* NightlifeAppUITests */ = {
			isa = PBXNativeTarget;
			buildConfigurationList = B6093D3F1C7343F400379C89 /* Build configuration list for PBXNativeTarget "NightlifeAppUITests" */;
			buildPhases = (
				B6093D2C1C7343F400379C89 /* Sources */,
				B6093D2D1C7343F400379C89 /* Frameworks */,
				B6093D2E1C7343F400379C89 /* Resources */,
			);
			buildRules = (
			);
			dependencies = (
				B6093D321C7343F400379C89 /* PBXTargetDependency */,
			);
			name = NightlifeAppUITests;
			productName = NightlifeAppUITests;
			productReference = B6093D301C7343F400379C89 /* NightlifeAppUITests.xctest */;
			productType = "com.apple.product-type.bundle.ui-testing";
		};
/* End PBXNativeTarget section */

/* Begin PBXProject section */
		B6093D061C7343F400379C89 /* Project object */ = {
			isa = PBXProject;
			attributes = {
				LastSwiftUpdateCheck = 0720;
				LastUpgradeCheck = 0720;
				ORGANIZATIONNAME = "DB Productions";
				TargetAttributes = {
					B6093D0D1C7343F400379C89 = {
						CreatedOnToolsVersion = 7.2.1;
					};
					B6093D241C7343F400379C89 = {
						CreatedOnToolsVersion = 7.2.1;
						TestTargetID = B6093D0D1C7343F400379C89;
					};
					B6093D2F1C7343F400379C89 = {
						CreatedOnToolsVersion = 7.2.1;
						TestTargetID = B6093D0D1C7343F400379C89;
					};
				};
			};
			buildConfigurationList = B6093D091C7343F400379C89 /* Build configuration list for PBXProject "NightlifeApp" */;
			compatibilityVersion = "Xcode 3.2";
			developmentRegion = English;
			hasScannedForEncodings = 0;
			knownRegions = (
				en,
				Base,
			);
			mainGroup = B6093D051C7343F400379C89;
			productRefGroup = B6093D0F1C7343F400379C89 /* Products */;
			projectDirPath = "";
			projectRoot = "";
			targets = (
				B6093D0D1C7343F400379C89 /* NightlifeApp */,
				B6093D241C7343F400379C89 /* NightlifeAppTests */,
				B6093D2F1C7343F400379C89 /* NightlifeAppUITests */,
			);
		};
/* End PBXProject section */

/* Begin PBXResourcesBuildPhase section */
		B6093D0C1C7343F400379C89 /* Resources */ = {
			isa = PBXResourcesBuildPhase;
			buildActionMask = 2147483647;
			files = (
				B6093D1F1C7343F400379C89 /* LaunchScreen.storyboard in Resources */,
				B6093D1C1C7343F400379C89 /* Assets.xcassets in Resources */,
				B6093D171C7343F400379C89 /* Main.storyboard in Resources */,
			);
			runOnlyForDeploymentPostprocessing = 0;
		};
		B6093D231C7343F400379C89 /* Resources */ = {
			isa = PBXResourcesBuildPhase;
			buildActionMask = 2147483647;
			files = (
			);
			runOnlyForDeploymentPostprocessing = 0;
		};
		B6093D2E1C7343F400379C89 /* Resources */ = {
			isa = PBXResourcesBuildPhase;
			buildActionMask = 2147483647;
			files = (
			);
			runOnlyForDeploymentPostprocessing = 0;
		};
/* End PBXResourcesBuildPhase section */

/* Begin PBXSourcesBuildPhase section */
		B6093D0A1C7343F400379C89 /* Sources */ = {
			isa = PBXSourcesBuildPhase;
			buildActionMask = 2147483647;
			files = (
				B6093D141C7343F400379C89 /* ViewController.swift in Sources */,
				B6093D121C7343F400379C89 /* AppDelegate.swift in Sources */,
				B6093D1A1C7343F400379C89 /* NightlifeApp.xcdatamodeld in Sources */,
			);
			runOnlyForDeploymentPostprocessing = 0;
		};
		B6093D211C7343F400379C89 /* Sources */ = {
			isa = PBXSourcesBuildPhase;
			buildActionMask = 2147483647;
			files = (
				B6093D2A1C7343F400379C89 /* NightlifeAppTests.swift in Sources */,
			);
			runOnlyForDeploymentPostprocessing = 0;
		};
		B6093D2C1C7343F400379C89 /* Sources */ = {
			isa = PBXSourcesBuildPhase;
			buildActionMask = 2147483647;
			files = (
				B6093D351C7343F400379C89 /* NightlifeAppUITests.swift in Sources */,
			);
			runOnlyForDeploymentPostprocessing = 0;
		};
/* End PBXSourcesBuildPhase section */

/* Begin PBXTargetDependency section */
		B6093D271C7343F400379C89 /* PBXTargetDependency */ = {
			isa = PBXTargetDependency;
			target = B6093D0D1C7343F400379C89 /* NightlifeApp */;
			targetProxy = B6093D261C7343F400379C89 /* PBXContainerItemProxy */;
		};
		B6093D321C7343F400379C89 /* PBXTargetDependency */ = {
			isa = PBXTargetDependency;
			target = B6093D0D1C7343F400379C89 /* NightlifeApp */;
			targetProxy = B6093D311C7343F400379C89 /* PBXContainerItemProxy */;
		};
/* End PBXTargetDependency section */

/* Begin PBXVariantGroup section */
		B6093D151C7343F400379C89 /* Main.storyboard */ = {
			isa = PBXVariantGroup;
			children = (
				B6093D161C7343F400379C89 /* Base */,
			);
			name = Main.storyboard;
			sourceTree = "<group>";
		};
		B6093D1D1C7343F400379C89 /* LaunchScreen.storyboard */ = {
			isa = PBXVariantGroup;
			children = (
				B6093D1E1C7343F400379C89 /* Base */,
			);
			name = LaunchScreen.storyboard;
			sourceTree = "<group>";
		};
/* End PBXVariantGroup section */

/* Begin XCBuildConfiguration section */
		B6093D371C7343F400379C89 /* Debug */ = {
			isa = XCBuildConfiguration;
			buildSettings = {
				ALWAYS_SEARCH_USER_PATHS = NO;
				CLANG_CXX_LANGUAGE_STANDARD = "gnu++0x";
				CLANG_CXX_LIBRARY = "libc++";
				CLANG_ENABLE_MODULES = YES;
				CLANG_ENABLE_OBJC_ARC = YES;
				CLANG_WARN_BOOL_CONVERSION = YES;
				CLANG_WARN_CONSTANT_CONVERSION = YES;
				CLANG_WARN_DIRECT_OBJC_ISA_USAGE = YES_ERROR;
				CLANG_WARN_EMPTY_BODY = YES;
				CLANG_WARN_ENUM_CONVERSION = YES;
				CLANG_WARN_INT_CONVERSION = YES;
				CLANG_WARN_OBJC_ROOT_CLASS = YES_ERROR;
				CLANG_WARN_UNREACHABLE_CODE = YES;
				CLANG_WARN__DUPLICATE_METHOD_MATCH = YES;
				"CODE_SIGN_IDENTITY[sdk=iphoneos*]" = "iPhone Developer";
				COPY_PHASE_STRIP = NO;
				DEBUG_INFORMATION_FORMAT = dwarf;
				ENABLE_STRICT_OBJC_MSGSEND = YES;
				ENABLE_TESTABILITY = YES;
				GCC_C_LANGUAGE_STANDARD = gnu99;
				GCC_DYNAMIC_NO_PIC = NO;
				GCC_NO_COMMON_BLOCKS = YES;
				GCC_OPTIMIZATION_LEVEL = 0;
				GCC_PREPROCESSOR_DEFINITIONS = (
					"DEBUG=1",
					"$(inherited)",
				);
				GCC_WARN_64_TO_32_BIT_CONVERSION = YES;
				GCC_WARN_ABOUT_RETURN_TYPE = YES_ERROR;
				GCC_WARN_UNDECLARED_SELECTOR = YES;
				GCC_WARN_UNINITIALIZED_AUTOS = YES_AGGRESSIVE;
				GCC_WARN_UNUSED_FUNCTION = YES;
				GCC_WARN_UNUSED_VARIABLE = YES;
				IPHONEOS_DEPLOYMENT_TARGET = 9.2;
				MTL_ENABLE_DEBUG_INFO = YES;
				ONLY_ACTIVE_ARCH = YES;
				SDKROOT = iphoneos;
				SWIFT_OPTIMIZATION_LEVEL = "-Onone";
			};
			name = Debug;
		};
		B6093D381C7343F400379C89 /* Release */ = {
			isa = XCBuildConfiguration;
			buildSettings = {
				ALWAYS_SEARCH_USER_PATHS = NO;
				CLANG_CXX_LANGUAGE_STANDARD = "gnu++0x";
				CLANG_CXX_LIBRARY = "libc++";
				CLANG_ENABLE_MODULES = YES;
				CLANG_ENABLE_OBJC_ARC = YES;
				CLANG_WARN_BOOL_CONVERSION = YES;
				CLANG_WARN_CONSTANT_CONVERSION = YES;
				CLANG_WARN_DIRECT_OBJC_ISA_USAGE = YES_ERROR;
				CLANG_WARN_EMPTY_BODY = YES;
				CLANG_WARN_ENUM_CONVERSION = YES;
				CLANG_WARN_INT_CONVERSION = YES;
				CLANG_WARN_OBJC_ROOT_CLASS = YES_ERROR;
				CLANG_WARN_UNREACHABLE_CODE = YES;
				CLANG_WARN__DUPLICATE_METHOD_MATCH = YES;
				"CODE_SIGN_IDENTITY[sdk=iphoneos*]" = "iPhone Developer";
				COPY_PHASE_STRIP = NO;
				DEBUG_INFORMATION_FORMAT = "dwarf-with-dsym";
				ENABLE_NS_ASSERTIONS = NO;
				ENABLE_STRICT_OBJC_MSGSEND = YES;
				GCC_C_LANGUAGE_STANDARD = gnu99;
				GCC_NO_COMMON_BLOCKS = YES;
				GCC_WARN_64_TO_32_BIT_CONVERSION = YES;
				GCC_WARN_ABOUT_RETURN_TYPE = YES_ERROR;
				GCC_WARN_UNDECLARED_SELECTOR = YES;
				GCC_WARN_UNINITIALIZED_AUTOS = YES_AGGRESSIVE;
				GCC_WARN_UNUSED_FUNCTION = YES;
				GCC_WARN_UNUSED_VARIABLE = YES;
				IPHONEOS_DEPLOYMENT_TARGET = 9.2;
				MTL_ENABLE_DEBUG_INFO = NO;
				SDKROOT = iphoneos;
				VALIDATE_PRODUCT = YES;
			};
			name = Release;
		};
		B6093D3A1C7343F400379C89 /* Debug */ = {
			isa = XCBuildConfiguration;
			buildSettings = {
				ASSETCATALOG_COMPILER_APPICON_NAME = AppIcon;
				INFOPLIST_FILE = NightlifeApp/Info.plist;
				LD_RUNPATH_SEARCH_PATHS = "$(inherited) @executable_path/Frameworks";
				PRODUCT_BUNDLE_IDENTIFIER = com.DBProductions.NightlifeApp;
				PRODUCT_NAME = "$(TARGET_NAME)";
			};
			name = Debug;
		};
		B6093D3B1C7343F400379C89 /* Release */ = {
			isa = XCBuildConfiguration;
			buildSettings = {
				ASSETCATALOG_COMPILER_APPICON_NAME = AppIcon;
				INFOPLIST_FILE = NightlifeApp/Info.plist;
				LD_RUNPATH_SEARCH_PATHS = "$(inherited) @executable_path/Frameworks";
				PRODUCT_BUNDLE_IDENTIFIER = com.DBProductions.NightlifeApp;
				PRODUCT_NAME = "$(TARGET_NAME)";
			};
			name = Release;
		};
		B6093D3D1C7343F400379C89 /* Debug */ = {
			isa = XCBuildConfiguration;
			buildSettings = {
				BUNDLE_LOADER = "$(TEST_HOST)";
				INFOPLIST_FILE = NightlifeAppTests/Info.plist;
				LD_RUNPATH_SEARCH_PATHS = "$(inherited) @executable_path/Frameworks @loader_path/Frameworks";
				PRODUCT_BUNDLE_IDENTIFIER = com.DBProductions.NightlifeAppTests;
				PRODUCT_NAME = "$(TARGET_NAME)";
				TEST_HOST = "$(BUILT_PRODUCTS_DIR)/NightlifeApp.app/NightlifeApp";
			};
			name = Debug;
		};
		B6093D3E1C7343F400379C89 /* Release */ = {
			isa = XCBuildConfiguration;
			buildSettings = {
				BUNDLE_LOADER = "$(TEST_HOST)";
				INFOPLIST_FILE = NightlifeAppTests/Info.plist;
				LD_RUNPATH_SEARCH_PATHS = "$(inherited) @executable_path/Frameworks @loader_path/Frameworks";
				PRODUCT_BUNDLE_IDENTIFIER = com.DBProductions.NightlifeAppTests;
				PRODUCT_NAME = "$(TARGET_NAME)";
				TEST_HOST = "$(BUILT_PRODUCTS_DIR)/NightlifeApp.app/NightlifeApp";
			};
			name = Release;
		};
		B6093D401C7343F400379C89 /* Debug */ = {
			isa = XCBuildConfiguration;
			buildSettings = {
				INFOPLIST_FILE = NightlifeAppUITests/Info.plist;
				LD_RUNPATH_SEARCH_PATHS = "$(inherited) @executable_path/Frameworks @loader_path/Frameworks";
				PRODUCT_BUNDLE_IDENTIFIER = com.DBProductions.NightlifeAppUITests;
				PRODUCT_NAME = "$(TARGET_NAME)";
				TEST_TARGET_NAME = NightlifeApp;
				USES_XCTRUNNER = YES;
			};
			name = Debug;
		};
		B6093D411C7343F400379C89 /* Release */ = {
			isa = XCBuildConfiguration;
			buildSettings = {
				INFOPLIST_FILE = NightlifeAppUITests/Info.plist;
				LD_RUNPATH_SEARCH_PATHS = "$(inherited) @executable_path/Frameworks @loader_path/Frameworks";
				PRODUCT_BUNDLE_IDENTIFIER = com.DBProductions.NightlifeAppUITests;
				PRODUCT_NAME = "$(TARGET_NAME)";
				TEST_TARGET_NAME = NightlifeApp;
				USES_XCTRUNNER = YES;
			};
			name = Release;
		};
/* End XCBuildConfiguration section */

/* Begin XCConfigurationList section */
		B6093D091C7343F400379C89 /* Build configuration list for PBXProject "NightlifeApp" */ = {
			isa = XCConfigurationList;
			buildConfigurations = (
				B6093D371C7343F400379C89 /* Debug */,
				B6093D381C7343F400379C89 /* Release */,
			);
			defaultConfigurationIsVisible = 0;
			defaultConfigurationName = Release;
		};
		B6093D391C7343F400379C89 /* Build configuration list for PBXNativeTarget "NightlifeApp" */ = {
			isa = XCConfigurationList;
			buildConfigurations = (
				B6093D3A1C7343F400379C89 /* Debug */,
				B6093D3B1C7343F400379C89 /* Release */,
			);
			defaultConfigurationIsVisible = 0;
		};
		B6093D3C1C7343F400379C89 /* Build configuration list for PBXNativeTarget "NightlifeAppTests" */ = {
			isa = XCConfigurationList;
			buildConfigurations = (
				B6093D3D1C7343F400379C89 /* Debug */,
				B6093D3E1C7343F400379C89 /* Release */,
			);
			defaultConfigurationIsVisible = 0;
		};
		B6093D3F1C7343F400379C89 /* Build configuration list for PBXNativeTarget "NightlifeAppUITests" */ = {
			isa = XCConfigurationList;
			buildConfigurations = (
				B6093D401C7343F400379C89 /* Debug */,
				B6093D411C7343F400379C89 /* Release */,
			);
			defaultConfigurationIsVisible = 0;
		};
/* End XCConfigurationList section */

/* Begin XCVersionGroup section */
		B6093D181C7343F400379C89 /* NightlifeApp.xcdatamodeld */ = {
			isa = XCVersionGroup;
			children = (
				B6093D191C7343F400379C89 /* NightlifeApp.xcdatamodel */,
			);
			currentVersion = B6093D191C7343F400379C89 /* NightlifeApp.xcdatamodel */;
			path = NightlifeApp.xcdatamodeld;
			sourceTree = "<group>";
			versionGroupType = wrapper.xcdatamodel;
		};
/* End XCVersionGroup section */
	};
	rootObject = B6093D061C7343F400379C89 /* Project object */;
}
